
Microsoft Visual Studio Solution File, Format Version 12.00
# Visual Studio Version 16
VisualStudioVersion = 16.0.30621.155
MinimumVisualStudioVersion = 10.0.40219.1
Project("{FAE04EC0-301F-11D3-BF4B-00C04F79EFBC}") = "KioskTestCoreApp", "KioskTestCoreApp\KioskTestCoreApp.csproj", "{59685710-3469-44C9-8910-61FA4B5F6CA1}"
EndProject
Global
	GlobalSection(SolutionConfigurationPlatforms) = preSolution
		Debug|Any CPU = Debug|Any CPU
		Release|Any CPU = Release|Any CPU
	EndGlobalSection
	GlobalSection(ProjectConfigurationPlatforms) = postSolution
		{59685710-3469-44C9-8910-61FA4B5F6CA1}.Debug|Any CPU.ActiveCfg = Debug|Any CPU
		{59685710-3469-44C9-8910-61FA4B5F6CA1}.Debug|Any CPU.Build.0 = Debug|Any CPU
		{59685710-3469-44C9-8910-61FA4B5F6CA1}.Release|Any CPU.ActiveCfg = Release|Any CPU
		{59685710-3469-44C9-8910-61FA4B5F6CA1}.Release|Any CPU.Build.0 = Release|Any CPU
	EndGlobalSection
	GlobalSection(SolutionProperties) = preSolution
		HideSolutionNode = FALSE
	EndGlobalSection
	GlobalSection(ExtensibilityGlobals) = postSolution
		SolutionGuid = {DFBBA876-8DA8-45EC-9582-797C6D2474C7}
	EndGlobalSection
EndGlobal
